// !$*UTF8*$!
{
	archiveVersion = 1;
	classes = {
	};
	objectVersion = 55;
	objects = {

/* Begin PBXBuildFile section */
		A136901F2712F818006F48C8 /* AppDelegate.swift in Sources */ = {isa = PBXBuildFile; fileRef = A136901E2712F818006F48C8 /* AppDelegate.swift */; };
		A13690212712F818006F48C8 /* SceneDelegate.swift in Sources */ = {isa = PBXBuildFile; fileRef = A13690202712F818006F48C8 /* SceneDelegate.swift */; };
		A13690262712F818006F48C8 /* Main.storyboard in Resources */ = {isa = PBXBuildFile; fileRef = A13690242712F818006F48C8 /* Main.storyboard */; };
		A13690282712F819006F48C8 /* Assets.xcassets in Resources */ = {isa = PBXBuildFile; fileRef = A13690272712F819006F48C8 /* Assets.xcassets */; };
		A136902B2712F819006F48C8 /* LaunchScreen.storyboard in Resources */ = {isa = PBXBuildFile; fileRef = A13690292712F819006F48C8 /* LaunchScreen.storyboard */; };
		A13690362712F819006F48C8 /* SparkTests.swift in Sources */ = {isa = PBXBuildFile; fileRef = A13690352712F819006F48C8 /* SparkTests.swift */; };
		A13690402712F819006F48C8 /* SparkUITests.swift in Sources */ = {isa = PBXBuildFile; fileRef = A136903F2712F819006F48C8 /* SparkUITests.swift */; };
		A13690422712F819006F48C8 /* SparkUITestsLaunchTests.swift in Sources */ = {isa = PBXBuildFile; fileRef = A13690412712F819006F48C8 /* SparkUITestsLaunchTests.swift */; };
		A136904F271303A8006F48C8 /* LoginViewController.swift in Sources */ = {isa = PBXBuildFile; fileRef = A136904E271303A8006F48C8 /* LoginViewController.swift */; };
		A14E7F392713B492005519A2 /* SparkStyle.swift in Sources */ = {isa = PBXBuildFile; fileRef = A14E7F382713B492005519A2 /* SparkStyle.swift */; };
		A14E7F3B2713D7EB005519A2 /* EmailSignupViewController.swift in Sources */ = {isa = PBXBuildFile; fileRef = A14E7F3A2713D7EB005519A2 /* EmailSignupViewController.swift */; };
		A14E7F3F2717C7BD005519A2 /* HapticsManager.swift in Sources */ = {isa = PBXBuildFile; fileRef = A14E7F3E2717C7BD005519A2 /* HapticsManager.swift */; };
		A14E7F412717D999005519A2 /* EmailCodeValidationViewController.swift in Sources */ = {isa = PBXBuildFile; fileRef = A14E7F402717D999005519A2 /* EmailCodeValidationViewController.swift */; };
		A1591BA32717E58F0082F238 /* UsernameViewController.swift in Sources */ = {isa = PBXBuildFile; fileRef = A1591BA22717E58F0082F238 /* UsernameViewController.swift */; };
		A1591BA62717F7930082F238 /* UITextFieldExtensions.swift in Sources */ = {isa = PBXBuildFile; fileRef = A1591BA52717F7930082F238 /* UITextFieldExtensions.swift */; };
		A1591BA82717F90D0082F238 /* UIButtonExtensions.swift in Sources */ = {isa = PBXBuildFile; fileRef = A1591BA72717F90D0082F238 /* UIButtonExtensions.swift */; };
		A1591BAA2717FA200082F238 /* UIViewExtensions.swift in Sources */ = {isa = PBXBuildFile; fileRef = A1591BA92717FA200082F238 /* UIViewExtensions.swift */; };
		A1591BAC2718080D0082F238 /* PasswordCreatorViewController.swift in Sources */ = {isa = PBXBuildFile; fileRef = A1591BAB2718080D0082F238 /* PasswordCreatorViewController.swift */; };
		A1591BAE27180E000082F238 /* PasswordConfirmationViewController.swift in Sources */ = {isa = PBXBuildFile; fileRef = A1591BAD27180E000082F238 /* PasswordConfirmationViewController.swift */; };
		A1591BB027182AF00082F238 /* GameViewController.swift in Sources */ = {isa = PBXBuildFile; fileRef = A1591BAF27182AF00082F238 /* GameViewController.swift */; };
		A1710597271D6F120028B5BB /* Art.scnassets in Resources */ = {isa = PBXBuildFile; fileRef = A1710596271D6F120028B5BB /* Art.scnassets */; };
		A17105DC271E9A820028B5BB /* TabBarController.swift in Sources */ = {isa = PBXBuildFile; fileRef = A17105DB271E9A820028B5BB /* TabBarController.swift */; };
		A17105F1271F668D0028B5BB /* CrosstenSoft Ultraitalic.otf in Resources */ = {isa = PBXBuildFile; fileRef = A17105DD271F668B0028B5BB /* CrosstenSoft Ultraitalic.otf */; };
		A17105F2271F668D0028B5BB /* CrosstenSoft Extrabolditalic.otf in Resources */ = {isa = PBXBuildFile; fileRef = A17105DE271F668B0028B5BB /* CrosstenSoft Extrabolditalic.otf */; };
		A17105F3271F668D0028B5BB /* CrosstenSoft Extralight.otf in Resources */ = {isa = PBXBuildFile; fileRef = A17105DF271F668B0028B5BB /* CrosstenSoft Extralight.otf */; };
		A17105F4271F668D0028B5BB /* CrosstenSoft Black.otf in Resources */ = {isa = PBXBuildFile; fileRef = A17105E0271F668B0028B5BB /* CrosstenSoft Black.otf */; };
		A17105F5271F668D0028B5BB /* CrosstenSoft Bolditalic.otf in Resources */ = {isa = PBXBuildFile; fileRef = A17105E1271F668B0028B5BB /* CrosstenSoft Bolditalic.otf */; };
		A17105F6271F668D0028B5BB /* CrosstenSoft Thinitalic.otf in Resources */ = {isa = PBXBuildFile; fileRef = A17105E2271F668C0028B5BB /* CrosstenSoft Thinitalic.otf */; };
		A17105F7271F668D0028B5BB /* CrosstenSoft Light.otf in Resources */ = {isa = PBXBuildFile; fileRef = A17105E3271F668C0028B5BB /* CrosstenSoft Light.otf */; };
		A17105F8271F668D0028B5BB /* CrosstenSoft Bold.otf in Resources */ = {isa = PBXBuildFile; fileRef = A17105E4271F668C0028B5BB /* CrosstenSoft Bold.otf */; };
		A17105F9271F668D0028B5BB /* CrosstenSoft Extralightitalic.otf in Resources */ = {isa = PBXBuildFile; fileRef = A17105E5271F668C0028B5BB /* CrosstenSoft Extralightitalic.otf */; };
		A17105FA271F668D0028B5BB /* CrosstenSoft Medium.otf in Resources */ = {isa = PBXBuildFile; fileRef = A17105E6271F668C0028B5BB /* CrosstenSoft Medium.otf */; };
		A17105FB271F668D0028B5BB /* CrosstenSoft Semibold.otf in Resources */ = {isa = PBXBuildFile; fileRef = A17105E7271F668C0028B5BB /* CrosstenSoft Semibold.otf */; };
		A17105FC271F668D0028B5BB /* CrosstenSoft Semibolditalic.otf in Resources */ = {isa = PBXBuildFile; fileRef = A17105E8271F668C0028B5BB /* CrosstenSoft Semibolditalic.otf */; };
		A17105FD271F668D0028B5BB /* CrosstenSoft Ultra.otf in Resources */ = {isa = PBXBuildFile; fileRef = A17105E9271F668C0028B5BB /* CrosstenSoft Ultra.otf */; };
		A17105FE271F668D0028B5BB /* CrosstenSoft Blackitalic.otf in Resources */ = {isa = PBXBuildFile; fileRef = A17105EA271F668C0028B5BB /* CrosstenSoft Blackitalic.otf */; };
		A17105FF271F668D0028B5BB /* CrosstenSoft Book.otf in Resources */ = {isa = PBXBuildFile; fileRef = A17105EB271F668C0028B5BB /* CrosstenSoft Book.otf */; };
		A1710600271F668D0028B5BB /* CrosstenSoft Lightitalic.otf in Resources */ = {isa = PBXBuildFile; fileRef = A17105EC271F668C0028B5BB /* CrosstenSoft Lightitalic.otf */; };
		A1710601271F668D0028B5BB /* CrosstenSoft Extrabold.otf in Resources */ = {isa = PBXBuildFile; fileRef = A17105ED271F668C0028B5BB /* CrosstenSoft Extrabold.otf */; };
		A1710602271F668D0028B5BB /* CrosstenSoft Bookitalic.otf in Resources */ = {isa = PBXBuildFile; fileRef = A17105EE271F668C0028B5BB /* CrosstenSoft Bookitalic.otf */; };
		A1710603271F668D0028B5BB /* CrosstenSoft Mediumitalic.otf in Resources */ = {isa = PBXBuildFile; fileRef = A17105EF271F668D0028B5BB /* CrosstenSoft Mediumitalic.otf */; };
		A1710604271F668D0028B5BB /* CrosstenSoft Thin.otf in Resources */ = {isa = PBXBuildFile; fileRef = A17105F0271F668D0028B5BB /* CrosstenSoft Thin.otf */; };
		A1710606271F86AF0028B5BB /* SingleSignOnViewController.swift in Sources */ = {isa = PBXBuildFile; fileRef = A1710605271F86AF0028B5BB /* SingleSignOnViewController.swift */; };
		A1710608271FB8B00028B5BB /* UIViewControllerExtensions.swift in Sources */ = {isa = PBXBuildFile; fileRef = A1710607271FB8B00028B5BB /* UIViewControllerExtensions.swift */; };
		A171060A272126C70028B5BB /* Terrain.swift in Sources */ = {isa = PBXBuildFile; fileRef = A1710609272126C60028B5BB /* Terrain.swift */; };
		A171060C27213E700028B5BB /* TestingViewController.swift in Sources */ = {isa = PBXBuildFile; fileRef = A171060B27213E700028B5BB /* TestingViewController.swift */; };
		A19BE12F273E311600CE11E3 /* Tree.swift in Sources */ = {isa = PBXBuildFile; fileRef = A19BE12E273E311600CE11E3 /* Tree.swift */; };
		A19BE131273E3FB400CE11E3 /* WorldDataError.swift in Sources */ = {isa = PBXBuildFile; fileRef = A19BE130273E3FB400CE11E3 /* WorldDataError.swift */; };
		A19BE133273E44E400CE11E3 /* WorldObject.swift in Sources */ = {isa = PBXBuildFile; fileRef = A19BE132273E44E400CE11E3 /* WorldObject.swift */; };
		A19BE135273E48DD00CE11E3 /* SCNGeometryExtensions.swift in Sources */ = {isa = PBXBuildFile; fileRef = A19BE134273E48DD00CE11E3 /* SCNGeometryExtensions.swift */; };
		A1E7E6D1272CAD0700802398 /* WorldState.swift in Sources */ = {isa = PBXBuildFile; fileRef = A1E7E6D0272CAD0700802398 /* WorldState.swift */; };
/* End PBXBuildFile section */

/* Begin PBXContainerItemProxy section */
		A13690322712F819006F48C8 /* PBXContainerItemProxy */ = {
			isa = PBXContainerItemProxy;
			containerPortal = A13690132712F818006F48C8 /* Project object */;
			proxyType = 1;
			remoteGlobalIDString = A136901A2712F818006F48C8;
			remoteInfo = Spark;
		};
		A136903C2712F819006F48C8 /* PBXContainerItemProxy */ = {
			isa = PBXContainerItemProxy;
			containerPortal = A13690132712F818006F48C8 /* Project object */;
			proxyType = 1;
			remoteGlobalIDString = A136901A2712F818006F48C8;
			remoteInfo = Spark;
		};
/* End PBXContainerItemProxy section */

/* Begin PBXFileReference section */
		A136901B2712F818006F48C8 /* Spark.app */ = {isa = PBXFileReference; explicitFileType = wrapper.application; includeInIndex = 0; path = Spark.app; sourceTree = BUILT_PRODUCTS_DIR; };
		A136901E2712F818006F48C8 /* AppDelegate.swift */ = {isa = PBXFileReference; lastKnownFileType = sourcecode.swift; path = AppDelegate.swift; sourceTree = "<group>"; };
		A13690202712F818006F48C8 /* SceneDelegate.swift */ = {isa = PBXFileReference; lastKnownFileType = sourcecode.swift; path = SceneDelegate.swift; sourceTree = "<group>"; };
		A13690252712F818006F48C8 /* Base */ = {isa = PBXFileReference; lastKnownFileType = file.storyboard; name = Base; path = Base.lproj/Main.storyboard; sourceTree = "<group>"; };
		A13690272712F819006F48C8 /* Assets.xcassets */ = {isa = PBXFileReference; lastKnownFileType = folder.assetcatalog; path = Assets.xcassets; sourceTree = "<group>"; };
		A136902A2712F819006F48C8 /* Base */ = {isa = PBXFileReference; lastKnownFileType = file.storyboard; name = Base; path = Base.lproj/LaunchScreen.storyboard; sourceTree = "<group>"; };
		A136902C2712F819006F48C8 /* Info.plist */ = {isa = PBXFileReference; lastKnownFileType = text.plist.xml; path = Info.plist; sourceTree = "<group>"; };
		A13690312712F819006F48C8 /* SparkTests.xctest */ = {isa = PBXFileReference; explicitFileType = wrapper.cfbundle; includeInIndex = 0; path = SparkTests.xctest; sourceTree = BUILT_PRODUCTS_DIR; };
		A13690352712F819006F48C8 /* SparkTests.swift */ = {isa = PBXFileReference; lastKnownFileType = sourcecode.swift; path = SparkTests.swift; sourceTree = "<group>"; };
		A136903B2712F819006F48C8 /* SparkUITests.xctest */ = {isa = PBXFileReference; explicitFileType = wrapper.cfbundle; includeInIndex = 0; path = SparkUITests.xctest; sourceTree = BUILT_PRODUCTS_DIR; };
		A136903F2712F819006F48C8 /* SparkUITests.swift */ = {isa = PBXFileReference; lastKnownFileType = sourcecode.swift; path = SparkUITests.swift; sourceTree = "<group>"; };
		A13690412712F819006F48C8 /* SparkUITestsLaunchTests.swift */ = {isa = PBXFileReference; lastKnownFileType = sourcecode.swift; path = SparkUITestsLaunchTests.swift; sourceTree = "<group>"; };
		A136904E271303A8006F48C8 /* LoginViewController.swift */ = {isa = PBXFileReference; lastKnownFileType = sourcecode.swift; path = LoginViewController.swift; sourceTree = "<group>"; };
		A14E7F382713B492005519A2 /* SparkStyle.swift */ = {isa = PBXFileReference; lastKnownFileType = sourcecode.swift; path = SparkStyle.swift; sourceTree = "<group>"; };
		A14E7F3A2713D7EB005519A2 /* EmailSignupViewController.swift */ = {isa = PBXFileReference; lastKnownFileType = sourcecode.swift; path = EmailSignupViewController.swift; sourceTree = "<group>"; };
		A14E7F3E2717C7BD005519A2 /* HapticsManager.swift */ = {isa = PBXFileReference; lastKnownFileType = sourcecode.swift; path = HapticsManager.swift; sourceTree = "<group>"; };
		A14E7F402717D999005519A2 /* EmailCodeValidationViewController.swift */ = {isa = PBXFileReference; lastKnownFileType = sourcecode.swift; path = EmailCodeValidationViewController.swift; sourceTree = "<group>"; };
		A1591BA22717E58F0082F238 /* UsernameViewController.swift */ = {isa = PBXFileReference; lastKnownFileType = sourcecode.swift; path = UsernameViewController.swift; sourceTree = "<group>"; };
		A1591BA52717F7930082F238 /* UITextFieldExtensions.swift */ = {isa = PBXFileReference; lastKnownFileType = sourcecode.swift; path = UITextFieldExtensions.swift; sourceTree = "<group>"; };
		A1591BA72717F90D0082F238 /* UIButtonExtensions.swift */ = {isa = PBXFileReference; lastKnownFileType = sourcecode.swift; path = UIButtonExtensions.swift; sourceTree = "<group>"; };
		A1591BA92717FA200082F238 /* UIViewExtensions.swift */ = {isa = PBXFileReference; lastKnownFileType = sourcecode.swift; path = UIViewExtensions.swift; sourceTree = "<group>"; };
		A1591BAB2718080D0082F238 /* PasswordCreatorViewController.swift */ = {isa = PBXFileReference; lastKnownFileType = sourcecode.swift; path = PasswordCreatorViewController.swift; sourceTree = "<group>"; };
		A1591BAD27180E000082F238 /* PasswordConfirmationViewController.swift */ = {isa = PBXFileReference; lastKnownFileType = sourcecode.swift; path = PasswordConfirmationViewController.swift; sourceTree = "<group>"; };
		A1591BAF27182AF00082F238 /* GameViewController.swift */ = {isa = PBXFileReference; lastKnownFileType = sourcecode.swift; path = GameViewController.swift; sourceTree = "<group>"; };
		A1710596271D6F120028B5BB /* Art.scnassets */ = {isa = PBXFileReference; lastKnownFileType = wrapper.scnassets; path = Art.scnassets; sourceTree = "<group>"; };
		A17105DB271E9A820028B5BB /* TabBarController.swift */ = {isa = PBXFileReference; lastKnownFileType = sourcecode.swift; path = TabBarController.swift; sourceTree = "<group>"; };
		A17105DD271F668B0028B5BB /* CrosstenSoft Ultraitalic.otf */ = {isa = PBXFileReference; lastKnownFileType = file; path = "CrosstenSoft Ultraitalic.otf"; sourceTree = "<group>"; };
		A17105DE271F668B0028B5BB /* CrosstenSoft Extrabolditalic.otf */ = {isa = PBXFileReference; lastKnownFileType = file; path = "CrosstenSoft Extrabolditalic.otf"; sourceTree = "<group>"; };
		A17105DF271F668B0028B5BB /* CrosstenSoft Extralight.otf */ = {isa = PBXFileReference; lastKnownFileType = file; path = "CrosstenSoft Extralight.otf"; sourceTree = "<group>"; };
		A17105E0271F668B0028B5BB /* CrosstenSoft Black.otf */ = {isa = PBXFileReference; lastKnownFileType = file; path = "CrosstenSoft Black.otf"; sourceTree = "<group>"; };
		A17105E1271F668B0028B5BB /* CrosstenSoft Bolditalic.otf */ = {isa = PBXFileReference; lastKnownFileType = file; path = "CrosstenSoft Bolditalic.otf"; sourceTree = "<group>"; };
		A17105E2271F668C0028B5BB /* CrosstenSoft Thinitalic.otf */ = {isa = PBXFileReference; lastKnownFileType = file; path = "CrosstenSoft Thinitalic.otf"; sourceTree = "<group>"; };
		A17105E3271F668C0028B5BB /* CrosstenSoft Light.otf */ = {isa = PBXFileReference; lastKnownFileType = file; path = "CrosstenSoft Light.otf"; sourceTree = "<group>"; };
		A17105E4271F668C0028B5BB /* CrosstenSoft Bold.otf */ = {isa = PBXFileReference; lastKnownFileType = file; path = "CrosstenSoft Bold.otf"; sourceTree = "<group>"; };
		A17105E5271F668C0028B5BB /* CrosstenSoft Extralightitalic.otf */ = {isa = PBXFileReference; lastKnownFileType = file; path = "CrosstenSoft Extralightitalic.otf"; sourceTree = "<group>"; };
		A17105E6271F668C0028B5BB /* CrosstenSoft Medium.otf */ = {isa = PBXFileReference; lastKnownFileType = file; path = "CrosstenSoft Medium.otf"; sourceTree = "<group>"; };
		A17105E7271F668C0028B5BB /* CrosstenSoft Semibold.otf */ = {isa = PBXFileReference; lastKnownFileType = file; path = "CrosstenSoft Semibold.otf"; sourceTree = "<group>"; };
		A17105E8271F668C0028B5BB /* CrosstenSoft Semibolditalic.otf */ = {isa = PBXFileReference; lastKnownFileType = file; path = "CrosstenSoft Semibolditalic.otf"; sourceTree = "<group>"; };
		A17105E9271F668C0028B5BB /* CrosstenSoft Ultra.otf */ = {isa = PBXFileReference; lastKnownFileType = file; path = "CrosstenSoft Ultra.otf"; sourceTree = "<group>"; };
		A17105EA271F668C0028B5BB /* CrosstenSoft Blackitalic.otf */ = {isa = PBXFileReference; lastKnownFileType = file; path = "CrosstenSoft Blackitalic.otf"; sourceTree = "<group>"; };
		A17105EB271F668C0028B5BB /* CrosstenSoft Book.otf */ = {isa = PBXFileReference; lastKnownFileType = file; path = "CrosstenSoft Book.otf"; sourceTree = "<group>"; };
		A17105EC271F668C0028B5BB /* CrosstenSoft Lightitalic.otf */ = {isa = PBXFileReference; lastKnownFileType = file; path = "CrosstenSoft Lightitalic.otf"; sourceTree = "<group>"; };
		A17105ED271F668C0028B5BB /* CrosstenSoft Extrabold.otf */ = {isa = PBXFileReference; lastKnownFileType = file; path = "CrosstenSoft Extrabold.otf"; sourceTree = "<group>"; };
		A17105EE271F668C0028B5BB /* CrosstenSoft Bookitalic.otf */ = {isa = PBXFileReference; lastKnownFileType = file; path = "CrosstenSoft Bookitalic.otf"; sourceTree = "<group>"; };
		A17105EF271F668D0028B5BB /* CrosstenSoft Mediumitalic.otf */ = {isa = PBXFileReference; lastKnownFileType = file; path = "CrosstenSoft Mediumitalic.otf"; sourceTree = "<group>"; };
		A17105F0271F668D0028B5BB /* CrosstenSoft Thin.otf */ = {isa = PBXFileReference; lastKnownFileType = file; path = "CrosstenSoft Thin.otf"; sourceTree = "<group>"; };
		A1710605271F86AF0028B5BB /* SingleSignOnViewController.swift */ = {isa = PBXFileReference; lastKnownFileType = sourcecode.swift; path = SingleSignOnViewController.swift; sourceTree = "<group>"; };
		A1710607271FB8B00028B5BB /* UIViewControllerExtensions.swift */ = {isa = PBXFileReference; lastKnownFileType = sourcecode.swift; path = UIViewControllerExtensions.swift; sourceTree = "<group>"; };
		A1710609272126C60028B5BB /* Terrain.swift */ = {isa = PBXFileReference; lastKnownFileType = sourcecode.swift; path = Terrain.swift; sourceTree = "<group>"; };
		A171060B27213E700028B5BB /* TestingViewController.swift */ = {isa = PBXFileReference; lastKnownFileType = sourcecode.swift; path = TestingViewController.swift; sourceTree = "<group>"; };
		A19BE12E273E311600CE11E3 /* Tree.swift */ = {isa = PBXFileReference; lastKnownFileType = sourcecode.swift; path = Tree.swift; sourceTree = "<group>"; };
		A19BE130273E3FB400CE11E3 /* WorldDataError.swift */ = {isa = PBXFileReference; lastKnownFileType = sourcecode.swift; path = WorldDataError.swift; sourceTree = "<group>"; };
		A19BE132273E44E400CE11E3 /* WorldObject.swift */ = {isa = PBXFileReference; lastKnownFileType = sourcecode.swift; path = WorldObject.swift; sourceTree = "<group>"; };
		A19BE134273E48DD00CE11E3 /* SCNGeometryExtensions.swift */ = {isa = PBXFileReference; lastKnownFileType = sourcecode.swift; path = SCNGeometryExtensions.swift; sourceTree = "<group>"; };
		A1E7E6D0272CAD0700802398 /* WorldState.swift */ = {isa = PBXFileReference; lastKnownFileType = sourcecode.swift; path = WorldState.swift; sourceTree = "<group>"; };
/* End PBXFileReference section */

/* Begin PBXFrameworksBuildPhase section */
		A13690182712F818006F48C8 /* Frameworks */ = {
			isa = PBXFrameworksBuildPhase;
			buildActionMask = 2147483647;
			files = (
			);
			runOnlyForDeploymentPostprocessing = 0;
		};
		A136902E2712F819006F48C8 /* Frameworks */ = {
			isa = PBXFrameworksBuildPhase;
			buildActionMask = 2147483647;
			files = (
			);
			runOnlyForDeploymentPostprocessing = 0;
		};
		A13690382712F819006F48C8 /* Frameworks */ = {
			isa = PBXFrameworksBuildPhase;
			buildActionMask = 2147483647;
			files = (
			);
			runOnlyForDeploymentPostprocessing = 0;
		};
/* End PBXFrameworksBuildPhase section */

/* Begin PBXGroup section */
		A13690122712F818006F48C8 = {
			isa = PBXGroup;
			children = (
				A136901D2712F818006F48C8 /* Spark */,
				A13690342712F819006F48C8 /* SparkTests */,
				A136903E2712F819006F48C8 /* SparkUITests */,
				A136901C2712F818006F48C8 /* Products */,
			);
			sourceTree = "<group>";
		};
		A136901C2712F818006F48C8 /* Products */ = {
			isa = PBXGroup;
			children = (
				A136901B2712F818006F48C8 /* Spark.app */,
				A13690312712F819006F48C8 /* SparkTests.xctest */,
				A136903B2712F819006F48C8 /* SparkUITests.xctest */,
			);
			name = Products;
			sourceTree = "<group>";
		};
		A136901D2712F818006F48C8 /* Spark */ = {
			isa = PBXGroup;
			children = (
				A136905227130CD4006F48C8 /* Classes */,
				A136905127130CCB006F48C8 /* Controllers */,
				A136905027130CC1006F48C8 /* Fonts */,
				A136901E2712F818006F48C8 /* AppDelegate.swift */,
				A13690202712F818006F48C8 /* SceneDelegate.swift */,
				A1591BAF27182AF00082F238 /* GameViewController.swift */,
				A13690242712F818006F48C8 /* Main.storyboard */,
				A13690272712F819006F48C8 /* Assets.xcassets */,
				A13690292712F819006F48C8 /* LaunchScreen.storyboard */,
				A136902C2712F819006F48C8 /* Info.plist */,
				A1710596271D6F120028B5BB /* Art.scnassets */,
			);
			path = Spark;
			sourceTree = "<group>";
		};
		A13690342712F819006F48C8 /* SparkTests */ = {
			isa = PBXGroup;
			children = (
				A13690352712F819006F48C8 /* SparkTests.swift */,
			);
			path = SparkTests;
			sourceTree = "<group>";
		};
		A136903E2712F819006F48C8 /* SparkUITests */ = {
			isa = PBXGroup;
			children = (
				A136903F2712F819006F48C8 /* SparkUITests.swift */,
				A13690412712F819006F48C8 /* SparkUITestsLaunchTests.swift */,
			);
			path = SparkUITests;
			sourceTree = "<group>";
		};
		A136905027130CC1006F48C8 /* Fonts */ = {
			isa = PBXGroup;
			children = (
				A17105E0271F668B0028B5BB /* CrosstenSoft Black.otf */,
				A17105EA271F668C0028B5BB /* CrosstenSoft Blackitalic.otf */,
				A17105E4271F668C0028B5BB /* CrosstenSoft Bold.otf */,
				A17105E1271F668B0028B5BB /* CrosstenSoft Bolditalic.otf */,
				A17105EB271F668C0028B5BB /* CrosstenSoft Book.otf */,
				A17105EE271F668C0028B5BB /* CrosstenSoft Bookitalic.otf */,
				A17105ED271F668C0028B5BB /* CrosstenSoft Extrabold.otf */,
				A17105DE271F668B0028B5BB /* CrosstenSoft Extrabolditalic.otf */,
				A17105DF271F668B0028B5BB /* CrosstenSoft Extralight.otf */,
				A17105E5271F668C0028B5BB /* CrosstenSoft Extralightitalic.otf */,
				A17105E3271F668C0028B5BB /* CrosstenSoft Light.otf */,
				A17105EC271F668C0028B5BB /* CrosstenSoft Lightitalic.otf */,
				A17105E6271F668C0028B5BB /* CrosstenSoft Medium.otf */,
				A17105EF271F668D0028B5BB /* CrosstenSoft Mediumitalic.otf */,
				A17105E7271F668C0028B5BB /* CrosstenSoft Semibold.otf */,
				A17105E8271F668C0028B5BB /* CrosstenSoft Semibolditalic.otf */,
				A17105F0271F668D0028B5BB /* CrosstenSoft Thin.otf */,
				A17105E2271F668C0028B5BB /* CrosstenSoft Thinitalic.otf */,
				A17105E9271F668C0028B5BB /* CrosstenSoft Ultra.otf */,
				A17105DD271F668B0028B5BB /* CrosstenSoft Ultraitalic.otf */,
			);
			path = Fonts;
			sourceTree = "<group>";
		};
		A136905127130CCB006F48C8 /* Controllers */ = {
			isa = PBXGroup;
			children = (
				A136904E271303A8006F48C8 /* LoginViewController.swift */,
				A1591BAB2718080D0082F238 /* PasswordCreatorViewController.swift */,
				A14E7F3A2713D7EB005519A2 /* EmailSignupViewController.swift */,
				A14E7F402717D999005519A2 /* EmailCodeValidationViewController.swift */,
				A1591BA22717E58F0082F238 /* UsernameViewController.swift */,
				A1591BAD27180E000082F238 /* PasswordConfirmationViewController.swift */,
				A1710605271F86AF0028B5BB /* SingleSignOnViewController.swift */,
				A171060B27213E700028B5BB /* TestingViewController.swift */,
			);
			path = Controllers;
			sourceTree = "<group>";
		};
		A136905227130CD4006F48C8 /* Classes */ = {
			isa = PBXGroup;
			children = (
				A17105D8271E8DFF0028B5BB /* Views */,
				A19BE12D273E2D2400CE11E3 /* Models */,
				A1591BA42717F7670082F238 /* Extensions */,
				A14E7F382713B492005519A2 /* SparkStyle.swift */,
				A14E7F3E2717C7BD005519A2 /* HapticsManager.swift */,
				A1710609272126C60028B5BB /* Terrain.swift */,
				A1E7E6D0272CAD0700802398 /* WorldState.swift */,
			);
			path = Classes;
			sourceTree = "<group>";
		};
		A1591BA42717F7670082F238 /* Extensions */ = {
			isa = PBXGroup;
			children = (
				A1591BA52717F7930082F238 /* UITextFieldExtensions.swift */,
				A1591BA72717F90D0082F238 /* UIButtonExtensions.swift */,
				A1591BA92717FA200082F238 /* UIViewExtensions.swift */,
				A1710607271FB8B00028B5BB /* UIViewControllerExtensions.swift */,
				A19BE134273E48DD00CE11E3 /* SCNGeometryExtensions.swift */,
			);
			path = Extensions;
			sourceTree = "<group>";
		};
		A17105D8271E8DFF0028B5BB /* Views */ = {
			isa = PBXGroup;
			children = (
				A17105DB271E9A820028B5BB /* TabBarController.swift */,
			);
			path = Views;
			sourceTree = "<group>";
		};
		A19BE12D273E2D2400CE11E3 /* Models */ = {
			isa = PBXGroup;
			children = (
				A19BE12E273E311600CE11E3 /* Tree.swift */,
				A19BE130273E3FB400CE11E3 /* WorldDataError.swift */,
				A19BE132273E44E400CE11E3 /* WorldObject.swift */,
			);
			path = Models;
			sourceTree = "<group>";
		};
/* End PBXGroup section */

/* Begin PBXNativeTarget section */
		A136901A2712F818006F48C8 /* Spark */ = {
			isa = PBXNativeTarget;
			buildConfigurationList = A13690452712F819006F48C8 /* Build configuration list for PBXNativeTarget "Spark" */;
			buildPhases = (
				A13690172712F818006F48C8 /* Sources */,
				A13690182712F818006F48C8 /* Frameworks */,
				A13690192712F818006F48C8 /* Resources */,
			);
			buildRules = (
			);
			dependencies = (
			);
			name = Spark;
			productName = Spark;
			productReference = A136901B2712F818006F48C8 /* Spark.app */;
			productType = "com.apple.product-type.application";
		};
		A13690302712F819006F48C8 /* SparkTests */ = {
			isa = PBXNativeTarget;
			buildConfigurationList = A13690482712F819006F48C8 /* Build configuration list for PBXNativeTarget "SparkTests" */;
			buildPhases = (
				A136902D2712F819006F48C8 /* Sources */,
				A136902E2712F819006F48C8 /* Frameworks */,
				A136902F2712F819006F48C8 /* Resources */,
			);
			buildRules = (
			);
			dependencies = (
				A13690332712F819006F48C8 /* PBXTargetDependency */,
			);
			name = SparkTests;
			productName = SparkTests;
			productReference = A13690312712F819006F48C8 /* SparkTests.xctest */;
			productType = "com.apple.product-type.bundle.unit-test";
		};
		A136903A2712F819006F48C8 /* SparkUITests */ = {
			isa = PBXNativeTarget;
			buildConfigurationList = A136904B2712F819006F48C8 /* Build configuration list for PBXNativeTarget "SparkUITests" */;
			buildPhases = (
				A13690372712F819006F48C8 /* Sources */,
				A13690382712F819006F48C8 /* Frameworks */,
				A13690392712F819006F48C8 /* Resources */,
			);
			buildRules = (
			);
			dependencies = (
				A136903D2712F819006F48C8 /* PBXTargetDependency */,
			);
			name = SparkUITests;
			productName = SparkUITests;
			productReference = A136903B2712F819006F48C8 /* SparkUITests.xctest */;
			productType = "com.apple.product-type.bundle.ui-testing";
		};
/* End PBXNativeTarget section */

/* Begin PBXProject section */
		A13690132712F818006F48C8 /* Project object */ = {
			isa = PBXProject;
			attributes = {
				BuildIndependentTargetsInParallel = 1;
				LastSwiftUpdateCheck = 1300;
				LastUpgradeCheck = 1300;
				TargetAttributes = {
					A136901A2712F818006F48C8 = {
						CreatedOnToolsVersion = 13.0;
					};
					A13690302712F819006F48C8 = {
						CreatedOnToolsVersion = 13.0;
						TestTargetID = A136901A2712F818006F48C8;
					};
					A136903A2712F819006F48C8 = {
						CreatedOnToolsVersion = 13.0;
						TestTargetID = A136901A2712F818006F48C8;
					};
				};
			};
			buildConfigurationList = A13690162712F818006F48C8 /* Build configuration list for PBXProject "Spark" */;
			compatibilityVersion = "Xcode 13.0";
			developmentRegion = en;
			hasScannedForEncodings = 0;
			knownRegions = (
				en,
				Base,
			);
			mainGroup = A13690122712F818006F48C8;
			productRefGroup = A136901C2712F818006F48C8 /* Products */;
			projectDirPath = "";
			projectRoot = "";
			targets = (
				A136901A2712F818006F48C8 /* Spark */,
				A13690302712F819006F48C8 /* SparkTests */,
				A136903A2712F819006F48C8 /* SparkUITests */,
			);
		};
/* End PBXProject section */

/* Begin PBXResourcesBuildPhase section */
		A13690192712F818006F48C8 /* Resources */ = {
			isa = PBXResourcesBuildPhase;
			buildActionMask = 2147483647;
			files = (
				A17105FF271F668D0028B5BB /* CrosstenSoft Book.otf in Resources */,
				A17105F2271F668D0028B5BB /* CrosstenSoft Extrabolditalic.otf in Resources */,
				A1710604271F668D0028B5BB /* CrosstenSoft Thin.otf in Resources */,
				A1710602271F668D0028B5BB /* CrosstenSoft Bookitalic.otf in Resources */,
				A17105F1271F668D0028B5BB /* CrosstenSoft Ultraitalic.otf in Resources */,
				A17105FD271F668D0028B5BB /* CrosstenSoft Ultra.otf in Resources */,
				A17105F8271F668D0028B5BB /* CrosstenSoft Bold.otf in Resources */,
				A17105F6271F668D0028B5BB /* CrosstenSoft Thinitalic.otf in Resources */,
				A17105F4271F668D0028B5BB /* CrosstenSoft Black.otf in Resources */,
				A1710603271F668D0028B5BB /* CrosstenSoft Mediumitalic.otf in Resources */,
				A1710601271F668D0028B5BB /* CrosstenSoft Extrabold.otf in Resources */,
				A17105F9271F668D0028B5BB /* CrosstenSoft Extralightitalic.otf in Resources */,
				A1710597271D6F120028B5BB /* Art.scnassets in Resources */,
				A17105F3271F668D0028B5BB /* CrosstenSoft Extralight.otf in Resources */,
				A17105F7271F668D0028B5BB /* CrosstenSoft Light.otf in Resources */,
				A17105FA271F668D0028B5BB /* CrosstenSoft Medium.otf in Resources */,
				A1710600271F668D0028B5BB /* CrosstenSoft Lightitalic.otf in Resources */,
				A17105FE271F668D0028B5BB /* CrosstenSoft Blackitalic.otf in Resources */,
				A136902B2712F819006F48C8 /* LaunchScreen.storyboard in Resources */,
				A17105FB271F668D0028B5BB /* CrosstenSoft Semibold.otf in Resources */,
				A13690282712F819006F48C8 /* Assets.xcassets in Resources */,
				A17105F5271F668D0028B5BB /* CrosstenSoft Bolditalic.otf in Resources */,
				A17105FC271F668D0028B5BB /* CrosstenSoft Semibolditalic.otf in Resources */,
				A13690262712F818006F48C8 /* Main.storyboard in Resources */,
			);
			runOnlyForDeploymentPostprocessing = 0;
		};
		A136902F2712F819006F48C8 /* Resources */ = {
			isa = PBXResourcesBuildPhase;
			buildActionMask = 2147483647;
			files = (
			);
			runOnlyForDeploymentPostprocessing = 0;
		};
		A13690392712F819006F48C8 /* Resources */ = {
			isa = PBXResourcesBuildPhase;
			buildActionMask = 2147483647;
			files = (
			);
			runOnlyForDeploymentPostprocessing = 0;
		};
/* End PBXResourcesBuildPhase section */

/* Begin PBXSourcesBuildPhase section */
		A13690172712F818006F48C8 /* Sources */ = {
			isa = PBXSourcesBuildPhase;
			buildActionMask = 2147483647;
			files = (
				A19BE12F273E311600CE11E3 /* Tree.swift in Sources */,
				A1591BB027182AF00082F238 /* GameViewController.swift in Sources */,
				A1710608271FB8B00028B5BB /* UIViewControllerExtensions.swift in Sources */,
				A1E7E6D1272CAD0700802398 /* WorldState.swift in Sources */,
				A1591BAC2718080D0082F238 /* PasswordCreatorViewController.swift in Sources */,
				A19BE133273E44E400CE11E3 /* WorldObject.swift in Sources */,
				A19BE135273E48DD00CE11E3 /* SCNGeometryExtensions.swift in Sources */,
				A1591BAA2717FA200082F238 /* UIViewExtensions.swift in Sources */,
				A17105DC271E9A820028B5BB /* TabBarController.swift in Sources */,
				A1710606271F86AF0028B5BB /* SingleSignOnViewController.swift in Sources */,
				A14E7F3F2717C7BD005519A2 /* HapticsManager.swift in Sources */,
				A1591BAE27180E000082F238 /* PasswordConfirmationViewController.swift in Sources */,
				A14E7F412717D999005519A2 /* EmailCodeValidationViewController.swift in Sources */,
				A171060C27213E700028B5BB /* TestingViewController.swift in Sources */,
				A136904F271303A8006F48C8 /* LoginViewController.swift in Sources */,
				A14E7F392713B492005519A2 /* SparkStyle.swift in Sources */,
				A136901F2712F818006F48C8 /* AppDelegate.swift in Sources */,
				A1591BA82717F90D0082F238 /* UIButtonExtensions.swift in Sources */,
				A171060A272126C70028B5BB /* Terrain.swift in Sources */,
				A13690212712F818006F48C8 /* SceneDelegate.swift in Sources */,
				A1591BA32717E58F0082F238 /* UsernameViewController.swift in Sources */,
				A19BE131273E3FB400CE11E3 /* WorldDataError.swift in Sources */,
				A1591BA62717F7930082F238 /* UITextFieldExtensions.swift in Sources */,
				A14E7F3B2713D7EB005519A2 /* EmailSignupViewController.swift in Sources */,
			);
			runOnlyForDeploymentPostprocessing = 0;
		};
		A136902D2712F819006F48C8 /* Sources */ = {
			isa = PBXSourcesBuildPhase;
			buildActionMask = 2147483647;
			files = (
				A13690362712F819006F48C8 /* SparkTests.swift in Sources */,
			);
			runOnlyForDeploymentPostprocessing = 0;
		};
		A13690372712F819006F48C8 /* Sources */ = {
			isa = PBXSourcesBuildPhase;
			buildActionMask = 2147483647;
			files = (
				A13690422712F819006F48C8 /* SparkUITestsLaunchTests.swift in Sources */,
				A13690402712F819006F48C8 /* SparkUITests.swift in Sources */,
			);
			runOnlyForDeploymentPostprocessing = 0;
		};
/* End PBXSourcesBuildPhase section */

/* Begin PBXTargetDependency section */
		A13690332712F819006F48C8 /* PBXTargetDependency */ = {
			isa = PBXTargetDependency;
			target = A136901A2712F818006F48C8 /* Spark */;
			targetProxy = A13690322712F819006F48C8 /* PBXContainerItemProxy */;
		};
		A136903D2712F819006F48C8 /* PBXTargetDependency */ = {
			isa = PBXTargetDependency;
			target = A136901A2712F818006F48C8 /* Spark */;
			targetProxy = A136903C2712F819006F48C8 /* PBXContainerItemProxy */;
		};
/* End PBXTargetDependency section */

/* Begin PBXVariantGroup section */
		A13690242712F818006F48C8 /* Main.storyboard */ = {
			isa = PBXVariantGroup;
			children = (
				A13690252712F818006F48C8 /* Base */,
			);
			name = Main.storyboard;
			sourceTree = "<group>";
		};
		A13690292712F819006F48C8 /* LaunchScreen.storyboard */ = {
			isa = PBXVariantGroup;
			children = (
				A136902A2712F819006F48C8 /* Base */,
			);
			name = LaunchScreen.storyboard;
			sourceTree = "<group>";
		};
/* End PBXVariantGroup section */

/* Begin XCBuildConfiguration section */
		A13690432712F819006F48C8 /* Debug */ = {
			isa = XCBuildConfiguration;
			buildSettings = {
				ALWAYS_SEARCH_USER_PATHS = NO;
				CLANG_ANALYZER_NONNULL = YES;
				CLANG_ANALYZER_NUMBER_OBJECT_CONVERSION = YES_AGGRESSIVE;
				CLANG_CXX_LANGUAGE_STANDARD = "gnu++17";
				CLANG_CXX_LIBRARY = "libc++";
				CLANG_ENABLE_MODULES = YES;
				CLANG_ENABLE_OBJC_ARC = YES;
				CLANG_ENABLE_OBJC_WEAK = YES;
				CLANG_WARN_BLOCK_CAPTURE_AUTORELEASING = YES;
				CLANG_WARN_BOOL_CONVERSION = YES;
				CLANG_WARN_COMMA = YES;
				CLANG_WARN_CONSTANT_CONVERSION = YES;
				CLANG_WARN_DEPRECATED_OBJC_IMPLEMENTATIONS = YES;
				CLANG_WARN_DIRECT_OBJC_ISA_USAGE = YES_ERROR;
				CLANG_WARN_DOCUMENTATION_COMMENTS = YES;
				CLANG_WARN_EMPTY_BODY = YES;
				CLANG_WARN_ENUM_CONVERSION = YES;
				CLANG_WARN_INFINITE_RECURSION = YES;
				CLANG_WARN_INT_CONVERSION = YES;
				CLANG_WARN_NON_LITERAL_NULL_CONVERSION = YES;
				CLANG_WARN_OBJC_IMPLICIT_RETAIN_SELF = YES;
				CLANG_WARN_OBJC_LITERAL_CONVERSION = YES;
				CLANG_WARN_OBJC_ROOT_CLASS = YES_ERROR;
				CLANG_WARN_QUOTED_INCLUDE_IN_FRAMEWORK_HEADER = YES;
				CLANG_WARN_RANGE_LOOP_ANALYSIS = YES;
				CLANG_WARN_STRICT_PROTOTYPES = YES;
				CLANG_WARN_SUSPICIOUS_MOVE = YES;
				CLANG_WARN_UNGUARDED_AVAILABILITY = YES_AGGRESSIVE;
				CLANG_WARN_UNREACHABLE_CODE = YES;
				CLANG_WARN__DUPLICATE_METHOD_MATCH = YES;
				COPY_PHASE_STRIP = NO;
				DEBUG_INFORMATION_FORMAT = dwarf;
				ENABLE_STRICT_OBJC_MSGSEND = YES;
				ENABLE_TESTABILITY = YES;
				GCC_C_LANGUAGE_STANDARD = gnu11;
				GCC_DYNAMIC_NO_PIC = NO;
				GCC_NO_COMMON_BLOCKS = YES;
				GCC_OPTIMIZATION_LEVEL = 0;
				GCC_PREPROCESSOR_DEFINITIONS = (
					"DEBUG=1",
					"$(inherited)",
				);
				GCC_WARN_64_TO_32_BIT_CONVERSION = YES;
				GCC_WARN_ABOUT_RETURN_TYPE = YES_ERROR;
				GCC_WARN_UNDECLARED_SELECTOR = YES;
				GCC_WARN_UNINITIALIZED_AUTOS = YES_AGGRESSIVE;
				GCC_WARN_UNUSED_FUNCTION = YES;
				GCC_WARN_UNUSED_VARIABLE = YES;
				IPHONEOS_DEPLOYMENT_TARGET = 15.0;
				MTL_ENABLE_DEBUG_INFO = INCLUDE_SOURCE;
				MTL_FAST_MATH = YES;
				ONLY_ACTIVE_ARCH = YES;
				SDKROOT = iphoneos;
				SWIFT_ACTIVE_COMPILATION_CONDITIONS = DEBUG;
				SWIFT_OPTIMIZATION_LEVEL = "-Onone";
			};
			name = Debug;
		};
		A13690442712F819006F48C8 /* Release */ = {
			isa = XCBuildConfiguration;
			buildSettings = {
				ALWAYS_SEARCH_USER_PATHS = NO;
				CLANG_ANALYZER_NONNULL = YES;
				CLANG_ANALYZER_NUMBER_OBJECT_CONVERSION = YES_AGGRESSIVE;
				CLANG_CXX_LANGUAGE_STANDARD = "gnu++17";
				CLANG_CXX_LIBRARY = "libc++";
				CLANG_ENABLE_MODULES = YES;
				CLANG_ENABLE_OBJC_ARC = YES;
				CLANG_ENABLE_OBJC_WEAK = YES;
				CLANG_WARN_BLOCK_CAPTURE_AUTORELEASING = YES;
				CLANG_WARN_BOOL_CONVERSION = YES;
				CLANG_WARN_COMMA = YES;
				CLANG_WARN_CONSTANT_CONVERSION = YES;
				CLANG_WARN_DEPRECATED_OBJC_IMPLEMENTATIONS = YES;
				CLANG_WARN_DIRECT_OBJC_ISA_USAGE = YES_ERROR;
				CLANG_WARN_DOCUMENTATION_COMMENTS = YES;
				CLANG_WARN_EMPTY_BODY = YES;
				CLANG_WARN_ENUM_CONVERSION = YES;
				CLANG_WARN_INFINITE_RECURSION = YES;
				CLANG_WARN_INT_CONVERSION = YES;
				CLANG_WARN_NON_LITERAL_NULL_CONVERSION = YES;
				CLANG_WARN_OBJC_IMPLICIT_RETAIN_SELF = YES;
				CLANG_WARN_OBJC_LITERAL_CONVERSION = YES;
				CLANG_WARN_OBJC_ROOT_CLASS = YES_ERROR;
				CLANG_WARN_QUOTED_INCLUDE_IN_FRAMEWORK_HEADER = YES;
				CLANG_WARN_RANGE_LOOP_ANALYSIS = YES;
				CLANG_WARN_STRICT_PROTOTYPES = YES;
				CLANG_WARN_SUSPICIOUS_MOVE = YES;
				CLANG_WARN_UNGUARDED_AVAILABILITY = YES_AGGRESSIVE;
				CLANG_WARN_UNREACHABLE_CODE = YES;
				CLANG_WARN__DUPLICATE_METHOD_MATCH = YES;
				COPY_PHASE_STRIP = NO;
				DEBUG_INFORMATION_FORMAT = "dwarf-with-dsym";
				ENABLE_NS_ASSERTIONS = NO;
				ENABLE_STRICT_OBJC_MSGSEND = YES;
				GCC_C_LANGUAGE_STANDARD = gnu11;
				GCC_NO_COMMON_BLOCKS = YES;
				GCC_WARN_64_TO_32_BIT_CONVERSION = YES;
				GCC_WARN_ABOUT_RETURN_TYPE = YES_ERROR;
				GCC_WARN_UNDECLARED_SELECTOR = YES;
				GCC_WARN_UNINITIALIZED_AUTOS = YES_AGGRESSIVE;
				GCC_WARN_UNUSED_FUNCTION = YES;
				GCC_WARN_UNUSED_VARIABLE = YES;
				IPHONEOS_DEPLOYMENT_TARGET = 15.0;
				MTL_ENABLE_DEBUG_INFO = NO;
				MTL_FAST_MATH = YES;
				SDKROOT = iphoneos;
				SWIFT_COMPILATION_MODE = wholemodule;
				SWIFT_OPTIMIZATION_LEVEL = "-O";
				VALIDATE_PRODUCT = YES;
			};
			name = Release;
		};
		A13690462712F819006F48C8 /* Debug */ = {
			isa = XCBuildConfiguration;
			buildSettings = {
				ASSETCATALOG_COMPILER_APPICON_NAME = AppIcon;
				ASSETCATALOG_COMPILER_GLOBAL_ACCENT_COLOR_NAME = AccentColor;
				CODE_SIGN_STYLE = Automatic;
				CURRENT_PROJECT_VERSION = 1;
				DEVELOPMENT_TEAM = A887Z3D2HC;
				GENERATE_INFOPLIST_FILE = YES;
				INFOPLIST_FILE = Spark/Info.plist;
				INFOPLIST_KEY_UIApplicationSupportsIndirectInputEvents = YES;
				INFOPLIST_KEY_UILaunchStoryboardName = LaunchScreen;
				INFOPLIST_KEY_UIMainStoryboardFile = Main;
				INFOPLIST_KEY_UISupportedInterfaceOrientations = UIInterfaceOrientationPortrait;
				INFOPLIST_KEY_UISupportedInterfaceOrientations_iPad = "UIInterfaceOrientationPortrait UIInterfaceOrientationPortraitUpsideDown UIInterfaceOrientationLandscapeLeft UIInterfaceOrientationLandscapeRight";
				INFOPLIST_KEY_UISupportedInterfaceOrientations_iPhone = "UIInterfaceOrientationPortrait UIInterfaceOrientationLandscapeLeft UIInterfaceOrientationLandscapeRight";
				LD_RUNPATH_SEARCH_PATHS = (
					"$(inherited)",
					"@executable_path/Frameworks",
				);
				MARKETING_VERSION = 1.0;
				PRODUCT_BUNDLE_IDENTIFIER = alex37888.Spark;
				PRODUCT_NAME = "$(TARGET_NAME)";
				SWIFT_EMIT_LOC_STRINGS = YES;
				SWIFT_VERSION = 5.0;
				TARGETED_DEVICE_FAMILY = "1,2";
			};
			name = Debug;
		};
		A13690472712F819006F48C8 /* Release */ = {
			isa = XCBuildConfiguration;
			buildSettings = {
				ASSETCATALOG_COMPILER_APPICON_NAME = AppIcon;
				ASSETCATALOG_COMPILER_GLOBAL_ACCENT_COLOR_NAME = AccentColor;
				CODE_SIGN_STYLE = Automatic;
				CURRENT_PROJECT_VERSION = 1;
				DEVELOPMENT_TEAM = A887Z3D2HC;
				GENERATE_INFOPLIST_FILE = YES;
				INFOPLIST_FILE = Spark/Info.plist;
				INFOPLIST_KEY_UIApplicationSupportsIndirectInputEvents = YES;
				INFOPLIST_KEY_UILaunchStoryboardName = LaunchScreen;
				INFOPLIST_KEY_UIMainStoryboardFile = Main;
				INFOPLIST_KEY_UISupportedInterfaceOrientations = UIInterfaceOrientationPortrait;
				INFOPLIST_KEY_UISupportedInterfaceOrientations_iPad = "UIInterfaceOrientationPortrait UIInterfaceOrientationPortraitUpsideDown UIInterfaceOrientationLandscapeLeft UIInterfaceOrientationLandscapeRight";
				INFOPLIST_KEY_UISupportedInterfaceOrientations_iPhone = "UIInterfaceOrientationPortrait UIInterfaceOrientationLandscapeLeft UIInterfaceOrientationLandscapeRight";
				LD_RUNPATH_SEARCH_PATHS = (
					"$(inherited)",
					"@executable_path/Frameworks",
				);
				MARKETING_VERSION = 1.0;
				PRODUCT_BUNDLE_IDENTIFIER = alex37888.Spark;
				PRODUCT_NAME = "$(TARGET_NAME)";
				SWIFT_EMIT_LOC_STRINGS = YES;
				SWIFT_VERSION = 5.0;
				TARGETED_DEVICE_FAMILY = "1,2";
			};
			name = Release;
		};
		A13690492712F819006F48C8 /* Debug */ = {
			isa = XCBuildConfiguration;
			buildSettings = {
				ALWAYS_EMBED_SWIFT_STANDARD_LIBRARIES = YES;
				BUNDLE_LOADER = "$(TEST_HOST)";
				CODE_SIGN_STYLE = Automatic;
				CURRENT_PROJECT_VERSION = 1;
				DEVELOPMENT_TEAM = A887Z3D2HC;
				GENERATE_INFOPLIST_FILE = YES;
				IPHONEOS_DEPLOYMENT_TARGET = 15.0;
				LD_RUNPATH_SEARCH_PATHS = (
					"$(inherited)",
					"@executable_path/Frameworks",
					"@loader_path/Frameworks",
				);
				MARKETING_VERSION = 1.0;
				PRODUCT_BUNDLE_IDENTIFIER = alex37888.SparkTests;
				PRODUCT_NAME = "$(TARGET_NAME)";
				SWIFT_EMIT_LOC_STRINGS = NO;
				SWIFT_VERSION = 5.0;
				TARGETED_DEVICE_FAMILY = "1,2";
				TEST_HOST = "$(BUILT_PRODUCTS_DIR)/Spark.app/Spark";
			};
			name = Debug;
		};
		A136904A2712F819006F48C8 /* Release */ = {
			isa = XCBuildConfiguration;
			buildSettings = {
				ALWAYS_EMBED_SWIFT_STANDARD_LIBRARIES = YES;
				BUNDLE_LOADER = "$(TEST_HOST)";
				CODE_SIGN_STYLE = Automatic;
				CURRENT_PROJECT_VERSION = 1;
				DEVELOPMENT_TEAM = A887Z3D2HC;
				GENERATE_INFOPLIST_FILE = YES;
				IPHONEOS_DEPLOYMENT_TARGET = 15.0;
				LD_RUNPATH_SEARCH_PATHS = (
					"$(inherited)",
					"@executable_path/Frameworks",
					"@loader_path/Frameworks",
				);
				MARKETING_VERSION = 1.0;
				PRODUCT_BUNDLE_IDENTIFIER = alex37888.SparkTests;
				PRODUCT_NAME = "$(TARGET_NAME)";
				SWIFT_EMIT_LOC_STRINGS = NO;
				SWIFT_VERSION = 5.0;
				TARGETED_DEVICE_FAMILY = "1,2";
				TEST_HOST = "$(BUILT_PRODUCTS_DIR)/Spark.app/Spark";
			};
			name = Release;
		};
		A136904C2712F819006F48C8 /* Debug */ = {
			isa = XCBuildConfiguration;
			buildSettings = {
				ALWAYS_EMBED_SWIFT_STANDARD_LIBRARIES = YES;
				CODE_SIGN_STYLE = Automatic;
				CURRENT_PROJECT_VERSION = 1;
				DEVELOPMENT_TEAM = A887Z3D2HC;
				GENERATE_INFOPLIST_FILE = YES;
				LD_RUNPATH_SEARCH_PATHS = (
					"$(inherited)",
					"@executable_path/Frameworks",
					"@loader_path/Frameworks",
				);
				MARKETING_VERSION = 1.0;
				PRODUCT_BUNDLE_IDENTIFIER = alex37888.SparkUITests;
				PRODUCT_NAME = "$(TARGET_NAME)";
				SWIFT_EMIT_LOC_STRINGS = NO;
				SWIFT_VERSION = 5.0;
				TARGETED_DEVICE_FAMILY = "1,2";
				TEST_TARGET_NAME = Spark;
			};
			name = Debug;
		};
		A136904D2712F819006F48C8 /* Release */ = {
			isa = XCBuildConfiguration;
			buildSettings = {
				ALWAYS_EMBED_SWIFT_STANDARD_LIBRARIES = YES;
				CODE_SIGN_STYLE = Automatic;
				CURRENT_PROJECT_VERSION = 1;
				DEVELOPMENT_TEAM = A887Z3D2HC;
				GENERATE_INFOPLIST_FILE = YES;
				LD_RUNPATH_SEARCH_PATHS = (
					"$(inherited)",
					"@executable_path/Frameworks",
					"@loader_path/Frameworks",
				);
				MARKETING_VERSION = 1.0;
				PRODUCT_BUNDLE_IDENTIFIER = alex37888.SparkUITests;
				PRODUCT_NAME = "$(TARGET_NAME)";
				SWIFT_EMIT_LOC_STRINGS = NO;
				SWIFT_VERSION = 5.0;
				TARGETED_DEVICE_FAMILY = "1,2";
				TEST_TARGET_NAME = Spark;
			};
			name = Release;
		};
/* End XCBuildConfiguration section */

/* Begin XCConfigurationList section */
		A13690162712F818006F48C8 /* Build configuration list for PBXProject "Spark" */ = {
			isa = XCConfigurationList;
			buildConfigurations = (
				A13690432712F819006F48C8 /* Debug */,
				A13690442712F819006F48C8 /* Release */,
			);
			defaultConfigurationIsVisible = 0;
			defaultConfigurationName = Release;
		};
		A13690452712F819006F48C8 /* Build configuration list for PBXNativeTarget "Spark" */ = {
			isa = XCConfigurationList;
			buildConfigurations = (
				A13690462712F819006F48C8 /* Debug */,
				A13690472712F819006F48C8 /* Release */,
			);
			defaultConfigurationIsVisible = 0;
			defaultConfigurationName = Release;
		};
		A13690482712F819006F48C8 /* Build configuration list for PBXNativeTarget "SparkTests" */ = {
			isa = XCConfigurationList;
			buildConfigurations = (
				A13690492712F819006F48C8 /* Debug */,
				A136904A2712F819006F48C8 /* Release */,
			);
			defaultConfigurationIsVisible = 0;
			defaultConfigurationName = Release;
		};
		A136904B2712F819006F48C8 /* Build configuration list for PBXNativeTarget "SparkUITests" */ = {
			isa = XCConfigurationList;
			buildConfigurations = (
				A136904C2712F819006F48C8 /* Debug */,
				A136904D2712F819006F48C8 /* Release */,
			);
			defaultConfigurationIsVisible = 0;
			defaultConfigurationName = Release;
		};
/* End XCConfigurationList section */
	};
	rootObject = A13690132712F818006F48C8 /* Project object */;
}
